
Microsoft Visual Studio Solution File, Format Version 12.00
# Visual Studio Version 16
VisualStudioVersion = 16.0.31205.134
MinimumVisualStudioVersion = 10.0.40219.1
Project("{FAE04EC0-301F-11D3-BF4B-00C04F79EFBC}") = "AddressBook", "AddressBook\AddressBook.csproj", "{5509E226-BCC1-4407-BA40-3BFC9F954064}"
EndProject
Global
	GlobalSection(SolutionConfigurationPlatforms) = preSolution
		Debug|Any CPU = Debug|Any CPU
		Release|Any CPU = Release|Any CPU
	EndGlobalSection
	GlobalSection(ProjectConfigurationPlatforms) = postSolution
		{5509E226-BCC1-4407-BA40-3BFC9F954064}.Debug|Any CPU.ActiveCfg = Debug|Any CPU
		{5509E226-BCC1-4407-BA40-3BFC9F954064}.Debug|Any CPU.Build.0 = Debug|Any CPU
		{5509E226-BCC1-4407-BA40-3BFC9F954064}.Release|Any CPU.ActiveCfg = Release|Any CPU
		{5509E226-BCC1-4407-BA40-3BFC9F954064}.Release|Any CPU.Build.0 = Release|Any CPU
	EndGlobalSection
	GlobalSection(SolutionProperties) = preSolution
		HideSolutionNode = FALSE
	EndGlobalSection
	GlobalSection(ExtensibilityGlobals) = postSolution
		SolutionGuid = {A1DD7CAF-78DE-49DE-B4D1-F97EDAAAE05C}
	EndGlobalSection
EndGlobal
